
Microsoft Visual Studio Solution File, Format Version 12.00
# Visual Studio Version 17
VisualStudioVersion = 17.13.35919.96
MinimumVisualStudioVersion = 10.0.40219.1
Project("{FAE04EC0-301F-11D3-BF4B-00C04F79EFBC}") = "Wpf_Reservoom3", "Wpf_Reservoom3.csproj", "{C497A8FA-4420-45B7-965C-7DBDC04B2F10}"
EndProject
Global
	GlobalSection(SolutionConfigurationPlatforms) = preSolution
		Debug|Any CPU = Debug|Any CPU
		Release|Any CPU = Release|Any CPU
	EndGlobalSection
	GlobalSection(ProjectConfigurationPlatforms) = postSolution
		{C497A8FA-4420-45B7-965C-7DBDC04B2F10}.Debug|Any CPU.ActiveCfg = Debug|Any CPU
		{C497A8FA-4420-45B7-965C-7DBDC04B2F10}.Debug|Any CPU.Build.0 = Debug|Any CPU
		{C497A8FA-4420-45B7-965C-7DBDC04B2F10}.Release|Any CPU.ActiveCfg = Release|Any CPU
		{C497A8FA-4420-45B7-965C-7DBDC04B2F10}.Release|Any CPU.Build.0 = Release|Any CPU
	EndGlobalSection
	GlobalSection(SolutionProperties) = preSolution
		HideSolutionNode = FALSE
	EndGlobalSection
	GlobalSection(ExtensibilityGlobals) = postSolution
		SolutionGuid = {10FF7DB9-7683-4918-8093-3C57A1F498B7}
	EndGlobalSection
EndGlobal
